
Microsoft Visual Studio Solution File, Format Version 12.00
# Visual Studio Version 17
VisualStudioVersion = 17.14.36327.8 d17.14
MinimumVisualStudioVersion = 10.0.40219.1
Project("{FAE04EC0-301F-11D3-BF4B-00C04F79EFBC}") = "OOP_1", "OOP_1\OOP_1.csproj", "{828AAB08-5E36-42ED-9328-F1B5AD7FEE0E}"
EndProject
Global
	GlobalSection(SolutionConfigurationPlatforms) = preSolution
		Debug|Any CPU = Debug|Any CPU
		Debug|x64 = Debug|x64
		Release|Any CPU = Release|Any CPU
		Release|x64 = Release|x64
	EndGlobalSection
	GlobalSection(ProjectConfigurationPlatforms) = postSolution
		{828AAB08-5E36-42ED-9328-F1B5AD7FEE0E}.Debug|Any CPU.ActiveCfg = Debug|Any CPU
		{828AAB08-5E36-42ED-9328-F1B5AD7FEE0E}.Debug|Any CPU.Build.0 = Debug|Any CPU
		{828AAB08-5E36-42ED-9328-F1B5AD7FEE0E}.Debug|Any CPU.Deploy.0 = Debug|Any CPU
		{828AAB08-5E36-42ED-9328-F1B5AD7FEE0E}.Debug|x64.ActiveCfg = Debug|x64
		{828AAB08-5E36-42ED-9328-F1B5AD7FEE0E}.Debug|x64.Build.0 = Debug|x64
		{828AAB08-5E36-42ED-9328-F1B5AD7FEE0E}.Debug|x64.Deploy.0 = Debug|x64
		{828AAB08-5E36-42ED-9328-F1B5AD7FEE0E}.Release|Any CPU.ActiveCfg = Release|Any CPU
		{828AAB08-5E36-42ED-9328-F1B5AD7FEE0E}.Release|Any CPU.Build.0 = Release|Any CPU
		{828AAB08-5E36-42ED-9328-F1B5AD7FEE0E}.Release|Any CPU.Deploy.0 = Release|Any CPU
		{828AAB08-5E36-42ED-9328-F1B5AD7FEE0E}.Release|x64.ActiveCfg = Release|x64
		{828AAB08-5E36-42ED-9328-F1B5AD7FEE0E}.Release|x64.Build.0 = Release|x64
		{828AAB08-5E36-42ED-9328-F1B5AD7FEE0E}.Release|x64.Deploy.0 = Release|x64
	EndGlobalSection
	GlobalSection(SolutionProperties) = preSolution
		HideSolutionNode = FALSE
	EndGlobalSection
	GlobalSection(ExtensibilityGlobals) = postSolution
		SolutionGuid = {457E9225-9E47-45C4-B0D2-1DE4CD6C60CD}
	EndGlobalSection
EndGlobal
